
Microsoft Visual Studio Solution File, Format Version 12.00
# Visual Studio 15
VisualStudioVersion = 15.0.28010.2041
MinimumVisualStudioVersion = 10.0.40219.1
Project("{FAE04EC0-301F-11D3-BF4B-00C04F79EFBC}") = "WordLadder", "WordLadder\WordLadder.csproj", "{1C52B562-090B-4C49-BD9B-9B3A212232C3}"
EndProject
Project("{FAE04EC0-301F-11D3-BF4B-00C04F79EFBC}") = "WordLadderTest", "WordLadderTest\WordLadderTest.csproj", "{8D7FED79-6E0C-4BA8-BDC3-65EF9CCE8037}"
EndProject
Global
	GlobalSection(SolutionConfigurationPlatforms) = preSolution
		Debug|Any CPU = Debug|Any CPU
		Release|Any CPU = Release|Any CPU
	EndGlobalSection
	GlobalSection(ProjectConfigurationPlatforms) = postSolution
		{1C52B562-090B-4C49-BD9B-9B3A212232C3}.Debug|Any CPU.ActiveCfg = Debug|Any CPU
		{1C52B562-090B-4C49-BD9B-9B3A212232C3}.Debug|Any CPU.Build.0 = Debug|Any CPU
		{1C52B562-090B-4C49-BD9B-9B3A212232C3}.Release|Any CPU.ActiveCfg = Release|Any CPU
		{1C52B562-090B-4C49-BD9B-9B3A212232C3}.Release|Any CPU.Build.0 = Release|Any CPU
		{8D7FED79-6E0C-4BA8-BDC3-65EF9CCE8037}.Debug|Any CPU.ActiveCfg = Debug|Any CPU
		{8D7FED79-6E0C-4BA8-BDC3-65EF9CCE8037}.Debug|Any CPU.Build.0 = Debug|Any CPU
		{8D7FED79-6E0C-4BA8-BDC3-65EF9CCE8037}.Release|Any CPU.ActiveCfg = Release|Any CPU
		{8D7FED79-6E0C-4BA8-BDC3-65EF9CCE8037}.Release|Any CPU.Build.0 = Release|Any CPU
	EndGlobalSection
	GlobalSection(SolutionProperties) = preSolution
		HideSolutionNode = FALSE
	EndGlobalSection
	GlobalSection(ExtensibilityGlobals) = postSolution
		SolutionGuid = {A8EFC826-ABC0-4B8F-A8BF-385DF6600B8C}
	EndGlobalSection
EndGlobal
